
Microsoft Visual Studio Solution File, Format Version 12.00
# Visual Studio Version 17
VisualStudioVersion = 17.5.33502.453
MinimumVisualStudioVersion = 10.0.40219.1
Project("{FAE04EC0-301F-11D3-BF4B-00C04F79EFBC}") = "InvoiceWeb.API", "InvoiceWeb.API\InvoiceWeb.API.csproj", "{C68A2947-6591-404F-B022-D86059292EBC}"
EndProject
Global
	GlobalSection(SolutionConfigurationPlatforms) = preSolution
		Debug|Any CPU = Debug|Any CPU
		Release|Any CPU = Release|Any CPU
	EndGlobalSection
	GlobalSection(ProjectConfigurationPlatforms) = postSolution
		{C68A2947-6591-404F-B022-D86059292EBC}.Debug|Any CPU.ActiveCfg = Debug|Any CPU
		{C68A2947-6591-404F-B022-D86059292EBC}.Debug|Any CPU.Build.0 = Debug|Any CPU
		{C68A2947-6591-404F-B022-D86059292EBC}.Release|Any CPU.ActiveCfg = Release|Any CPU
		{C68A2947-6591-404F-B022-D86059292EBC}.Release|Any CPU.Build.0 = Release|Any CPU
	EndGlobalSection
	GlobalSection(SolutionProperties) = preSolution
		HideSolutionNode = FALSE
	EndGlobalSection
	GlobalSection(ExtensibilityGlobals) = postSolution
		SolutionGuid = {DE562751-B58E-48DF-94A3-807CE7516E02}
	EndGlobalSection
EndGlobal
